
Microsoft Visual Studio Solution File, Format Version 12.00
# Visual Studio Version 17
VisualStudioVersion = 17.7.34031.279
MinimumVisualStudioVersion = 10.0.40219.1
Project("{FAE04EC0-301F-11D3-BF4B-00C04F79EFBC}") = "LabTask_2", "LabTask_2.csproj", "{6E770531-AE34-464C-A6AD-AB0DDC025C65}"
EndProject
Global
	GlobalSection(SolutionConfigurationPlatforms) = preSolution
		Debug|Any CPU = Debug|Any CPU
		Release|Any CPU = Release|Any CPU
	EndGlobalSection
	GlobalSection(ProjectConfigurationPlatforms) = postSolution
		{6E770531-AE34-464C-A6AD-AB0DDC025C65}.Debug|Any CPU.ActiveCfg = Debug|Any CPU
		{6E770531-AE34-464C-A6AD-AB0DDC025C65}.Debug|Any CPU.Build.0 = Debug|Any CPU
		{6E770531-AE34-464C-A6AD-AB0DDC025C65}.Release|Any CPU.ActiveCfg = Release|Any CPU
		{6E770531-AE34-464C-A6AD-AB0DDC025C65}.Release|Any CPU.Build.0 = Release|Any CPU
	EndGlobalSection
	GlobalSection(SolutionProperties) = preSolution
		HideSolutionNode = FALSE
	EndGlobalSection
	GlobalSection(ExtensibilityGlobals) = postSolution
		SolutionGuid = {C4DCB199-9D1E-4B81-8016-B561FAB92166}
	EndGlobalSection
EndGlobal
